
Microsoft Visual Studio Solution File, Format Version 12.00
# Visual Studio Version 16
VisualStudioVersion = 16.0.32802.440
MinimumVisualStudioVersion = 10.0.40219.1
Project("{FAE04EC0-301F-11D3-BF4B-00C04F79EFBC}") = "FINCRERP", "FINCRERP.csproj", "{34578EB2-9404-4277-AE84-0B0C85A37F78}"
EndProject
Global
	GlobalSection(SolutionConfigurationPlatforms) = preSolution
		Debug|Any CPU = Debug|Any CPU
		Release|Any CPU = Release|Any CPU
	EndGlobalSection
	GlobalSection(ProjectConfigurationPlatforms) = postSolution
		{34578EB2-9404-4277-AE84-0B0C85A37F78}.Debug|Any CPU.ActiveCfg = Debug|Any CPU
		{34578EB2-9404-4277-AE84-0B0C85A37F78}.Debug|Any CPU.Build.0 = Debug|Any CPU
		{34578EB2-9404-4277-AE84-0B0C85A37F78}.Release|Any CPU.ActiveCfg = Release|Any CPU
		{34578EB2-9404-4277-AE84-0B0C85A37F78}.Release|Any CPU.Build.0 = Release|Any CPU
	EndGlobalSection
	GlobalSection(SolutionProperties) = preSolution
		HideSolutionNode = FALSE
	EndGlobalSection
	GlobalSection(ExtensibilityGlobals) = postSolution
		SolutionGuid = {1CC3F6A1-3CE6-4897-8C44-9A32C1487382}
	EndGlobalSection
EndGlobal
